
Microsoft Visual Studio Solution File, Format Version 12.00
# Visual Studio 14
VisualStudioVersion = 14.0.24720.0
MinimumVisualStudioVersion = 10.0.40219.1
Project("{FAE04EC0-301F-11D3-BF4B-00C04F79EFBC}") = "beastie", "beastie.csproj", "{61A259A8-1647-43ED-8760-63FBADD1C427}"
EndProject
Project("{2150E333-8FDC-42A3-9474-1A3956D46DE8}") = "Solution Items", "Solution Items", "{2EE0648D-E3DF-4451-AA7E-6DE18BB0E86B}"
	ProjectSection(SolutionItems) = preProject
		WiktionaryDatabase = WiktionaryDatabase
	EndProjectSection
EndProject
Project("{FAE04EC0-301F-11D3-BF4B-00C04F79EFBC}") = "Word2vec.Tools", "..\Word2vec.Tools\Word2vec.Tools\Word2vec.Tools.csproj", "{50FE2BFE-C932-45E9-B109-A7DD0CAA3139}"
EndProject
Project("{FAE04EC0-301F-11D3-BF4B-00C04F79EFBC}") = "Word2vec.Tools.Example", "..\Word2vec.Tools\Word2vec.Tools.Example\Word2vec.Tools.Example.csproj", "{4A458678-BABE-4FDD-8374-D09CD96122C3}"
EndProject
Project("{FAE04EC0-301F-11D3-BF4B-00C04F79EFBC}") = "Word2Vec.Tools.Tests", "..\Word2vec.Tools\Word2vec.Tools.Tests\Word2Vec.Tools.Tests.csproj", "{36BD9523-3795-47E3-90A1-98526FD2F744}"
EndProject
Global
	GlobalSection(SolutionConfigurationPlatforms) = preSolution
		debug wikipedia-redlist|Any CPU = debug wikipedia-redlist|Any CPU
		debug wikipedia-redlist|x86 = debug wikipedia-redlist|x86
		Debug|Any CPU = Debug|Any CPU
		Debug|x86 = Debug|x86
		Mono|Any CPU = Mono|Any CPU
		Mono|x86 = Mono|x86
		NET35|Any CPU = NET35|Any CPU
		NET35|x86 = NET35|x86
		NET40|Any CPU = NET40|Any CPU
		NET40|x86 = NET40|x86
		NET45|Any CPU = NET45|Any CPU
		NET45|x86 = NET45|x86
		NET46|Any CPU = NET46|Any CPU
		NET46|x86 = NET46|x86
		Release|Any CPU = Release|Any CPU
		Release|x86 = Release|x86
		wikipedia-redlist|Any CPU = wikipedia-redlist|Any CPU
		wikipedia-redlist|x86 = wikipedia-redlist|x86
	EndGlobalSection
	GlobalSection(ProjectConfigurationPlatforms) = postSolution
		{61A259A8-1647-43ED-8760-63FBADD1C427}.debug wikipedia-redlist|Any CPU.ActiveCfg = Release|x86
		{61A259A8-1647-43ED-8760-63FBADD1C427}.debug wikipedia-redlist|Any CPU.Build.0 = Release|x86
		{61A259A8-1647-43ED-8760-63FBADD1C427}.debug wikipedia-redlist|x86.ActiveCfg = Debug|x86
		{61A259A8-1647-43ED-8760-63FBADD1C427}.debug wikipedia-redlist|x86.Build.0 = Debug|x86
		{61A259A8-1647-43ED-8760-63FBADD1C427}.Debug|Any CPU.ActiveCfg = Debug|x86
		{61A259A8-1647-43ED-8760-63FBADD1C427}.Debug|x86.ActiveCfg = Debug|x86
		{61A259A8-1647-43ED-8760-63FBADD1C427}.Debug|x86.Build.0 = Debug|x86
		{61A259A8-1647-43ED-8760-63FBADD1C427}.Mono|Any CPU.ActiveCfg = Release|x86
		{61A259A8-1647-43ED-8760-63FBADD1C427}.Mono|Any CPU.Build.0 = Release|x86
		{61A259A8-1647-43ED-8760-63FBADD1C427}.Mono|x86.ActiveCfg = Release|x86
		{61A259A8-1647-43ED-8760-63FBADD1C427}.Mono|x86.Build.0 = Release|x86
		{61A259A8-1647-43ED-8760-63FBADD1C427}.NET35|Any CPU.ActiveCfg = Release|x86
		{61A259A8-1647-43ED-8760-63FBADD1C427}.NET35|Any CPU.Build.0 = Release|x86
		{61A259A8-1647-43ED-8760-63FBADD1C427}.NET35|x86.ActiveCfg = Release|x86
		{61A259A8-1647-43ED-8760-63FBADD1C427}.NET35|x86.Build.0 = Release|x86
		{61A259A8-1647-43ED-8760-63FBADD1C427}.NET40|Any CPU.ActiveCfg = Release|x86
		{61A259A8-1647-43ED-8760-63FBADD1C427}.NET40|Any CPU.Build.0 = Release|x86
		{61A259A8-1647-43ED-8760-63FBADD1C427}.NET40|x86.ActiveCfg = Release|x86
		{61A259A8-1647-43ED-8760-63FBADD1C427}.NET40|x86.Build.0 = Release|x86
		{61A259A8-1647-43ED-8760-63FBADD1C427}.NET45|Any CPU.ActiveCfg = Release|x86
		{61A259A8-1647-43ED-8760-63FBADD1C427}.NET45|Any CPU.Build.0 = Release|x86
		{61A259A8-1647-43ED-8760-63FBADD1C427}.NET45|x86.ActiveCfg = Release|x86
		{61A259A8-1647-43ED-8760-63FBADD1C427}.NET45|x86.Build.0 = Release|x86
		{61A259A8-1647-43ED-8760-63FBADD1C427}.NET46|Any CPU.ActiveCfg = Release|x86
		{61A259A8-1647-43ED-8760-63FBADD1C427}.NET46|Any CPU.Build.0 = Release|x86
		{61A259A8-1647-43ED-8760-63FBADD1C427}.NET46|x86.ActiveCfg = Release|x86
		{61A259A8-1647-43ED-8760-63FBADD1C427}.NET46|x86.Build.0 = Release|x86
		{61A259A8-1647-43ED-8760-63FBADD1C427}.Release|Any CPU.ActiveCfg = Release|x86
		{61A259A8-1647-43ED-8760-63FBADD1C427}.Release|x86.ActiveCfg = Release|x86
		{61A259A8-1647-43ED-8760-63FBADD1C427}.Release|x86.Build.0 = Release|x86
		{61A259A8-1647-43ED-8760-63FBADD1C427}.wikipedia-redlist|Any CPU.ActiveCfg = wikipedia-redlist|x86
		{61A259A8-1647-43ED-8760-63FBADD1C427}.wikipedia-redlist|x86.ActiveCfg = Debug|x86
		{61A259A8-1647-43ED-8760-63FBADD1C427}.wikipedia-redlist|x86.Build.0 = Debug|x86
		{50FE2BFE-C932-45E9-B109-A7DD0CAA3139}.debug wikipedia-redlist|Any CPU.ActiveCfg = Debug|Any CPU
		{50FE2BFE-C932-45E9-B109-A7DD0CAA3139}.debug wikipedia-redlist|Any CPU.Build.0 = Debug|Any CPU
		{50FE2BFE-C932-45E9-B109-A7DD0CAA3139}.debug wikipedia-redlist|x86.ActiveCfg = Debug|Any CPU
		{50FE2BFE-C932-45E9-B109-A7DD0CAA3139}.debug wikipedia-redlist|x86.Build.0 = Debug|Any CPU
		{50FE2BFE-C932-45E9-B109-A7DD0CAA3139}.Debug|Any CPU.ActiveCfg = Debug|Any CPU
		{50FE2BFE-C932-45E9-B109-A7DD0CAA3139}.Debug|Any CPU.Build.0 = Debug|Any CPU
		{50FE2BFE-C932-45E9-B109-A7DD0CAA3139}.Debug|x86.ActiveCfg = Debug|Any CPU
		{50FE2BFE-C932-45E9-B109-A7DD0CAA3139}.Debug|x86.Build.0 = Debug|Any CPU
		{50FE2BFE-C932-45E9-B109-A7DD0CAA3139}.Mono|Any CPU.ActiveCfg = Release|Any CPU
		{50FE2BFE-C932-45E9-B109-A7DD0CAA3139}.Mono|Any CPU.Build.0 = Release|Any CPU
		{50FE2BFE-C932-45E9-B109-A7DD0CAA3139}.Mono|x86.ActiveCfg = Release|Any CPU
		{50FE2BFE-C932-45E9-B109-A7DD0CAA3139}.Mono|x86.Build.0 = Release|Any CPU
		{50FE2BFE-C932-45E9-B109-A7DD0CAA3139}.NET35|Any CPU.ActiveCfg = Release|Any CPU
		{50FE2BFE-C932-45E9-B109-A7DD0CAA3139}.NET35|Any CPU.Build.0 = Release|Any CPU
		{50FE2BFE-C932-45E9-B109-A7DD0CAA3139}.NET35|x86.ActiveCfg = Release|Any CPU
		{50FE2BFE-C932-45E9-B109-A7DD0CAA3139}.NET35|x86.Build.0 = Release|Any CPU
		{50FE2BFE-C932-45E9-B109-A7DD0CAA3139}.NET40|Any CPU.ActiveCfg = Release|Any CPU
		{50FE2BFE-C932-45E9-B109-A7DD0CAA3139}.NET40|Any CPU.Build.0 = Release|Any CPU
		{50FE2BFE-C932-45E9-B109-A7DD0CAA3139}.NET40|x86.ActiveCfg = Release|Any CPU
		{50FE2BFE-C932-45E9-B109-A7DD0CAA3139}.NET40|x86.Build.0 = Release|Any CPU
		{50FE2BFE-C932-45E9-B109-A7DD0CAA3139}.NET45|Any CPU.ActiveCfg = Release|Any CPU
		{50FE2BFE-C932-45E9-B109-A7DD0CAA3139}.NET45|Any CPU.Build.0 = Release|Any CPU
		{50FE2BFE-C932-45E9-B109-A7DD0CAA3139}.NET45|x86.ActiveCfg = Release|Any CPU
		{50FE2BFE-C932-45E9-B109-A7DD0CAA3139}.NET45|x86.Build.0 = Release|Any CPU
		{50FE2BFE-C932-45E9-B109-A7DD0CAA3139}.NET46|Any CPU.ActiveCfg = Release|Any CPU
		{50FE2BFE-C932-45E9-B109-A7DD0CAA3139}.NET46|Any CPU.Build.0 = Release|Any CPU
		{50FE2BFE-C932-45E9-B109-A7DD0CAA3139}.NET46|x86.ActiveCfg = Release|Any CPU
		{50FE2BFE-C932-45E9-B109-A7DD0CAA3139}.NET46|x86.Build.0 = Release|Any CPU
		{50FE2BFE-C932-45E9-B109-A7DD0CAA3139}.Release|Any CPU.ActiveCfg = Release|Any CPU
		{50FE2BFE-C932-45E9-B109-A7DD0CAA3139}.Release|Any CPU.Build.0 = Release|Any CPU
		{50FE2BFE-C932-45E9-B109-A7DD0CAA3139}.Release|x86.ActiveCfg = Release|Any CPU
		{50FE2BFE-C932-45E9-B109-A7DD0CAA3139}.Release|x86.Build.0 = Release|Any CPU
		{50FE2BFE-C932-45E9-B109-A7DD0CAA3139}.wikipedia-redlist|Any CPU.ActiveCfg = Release|Any CPU
		{50FE2BFE-C932-45E9-B109-A7DD0CAA3139}.wikipedia-redlist|Any CPU.Build.0 = Release|Any CPU
		{50FE2BFE-C932-45E9-B109-A7DD0CAA3139}.wikipedia-redlist|x86.ActiveCfg = Release|Any CPU
		{50FE2BFE-C932-45E9-B109-A7DD0CAA3139}.wikipedia-redlist|x86.Build.0 = Release|Any CPU
		{4A458678-BABE-4FDD-8374-D09CD96122C3}.debug wikipedia-redlist|Any CPU.ActiveCfg = Debug|Any CPU
		{4A458678-BABE-4FDD-8374-D09CD96122C3}.debug wikipedia-redlist|Any CPU.Build.0 = Debug|Any CPU
		{4A458678-BABE-4FDD-8374-D09CD96122C3}.debug wikipedia-redlist|x86.ActiveCfg = Debug|Any CPU
		{4A458678-BABE-4FDD-8374-D09CD96122C3}.debug wikipedia-redlist|x86.Build.0 = Debug|Any CPU
		{4A458678-BABE-4FDD-8374-D09CD96122C3}.Debug|Any CPU.ActiveCfg = Debug|Any CPU
		{4A458678-BABE-4FDD-8374-D09CD96122C3}.Debug|Any CPU.Build.0 = Debug|Any CPU
		{4A458678-BABE-4FDD-8374-D09CD96122C3}.Debug|x86.ActiveCfg = Debug|Any CPU
		{4A458678-BABE-4FDD-8374-D09CD96122C3}.Debug|x86.Build.0 = Debug|Any CPU
		{4A458678-BABE-4FDD-8374-D09CD96122C3}.Mono|Any CPU.ActiveCfg = Release|Any CPU
		{4A458678-BABE-4FDD-8374-D09CD96122C3}.Mono|Any CPU.Build.0 = Release|Any CPU
		{4A458678-BABE-4FDD-8374-D09CD96122C3}.Mono|x86.ActiveCfg = Release|Any CPU
		{4A458678-BABE-4FDD-8374-D09CD96122C3}.Mono|x86.Build.0 = Release|Any CPU
		{4A458678-BABE-4FDD-8374-D09CD96122C3}.NET35|Any CPU.ActiveCfg = Release|Any CPU
		{4A458678-BABE-4FDD-8374-D09CD96122C3}.NET35|Any CPU.Build.0 = Release|Any CPU
		{4A458678-BABE-4FDD-8374-D09CD96122C3}.NET35|x86.ActiveCfg = Release|Any CPU
		{4A458678-BABE-4FDD-8374-D09CD96122C3}.NET35|x86.Build.0 = Release|Any CPU
		{4A458678-BABE-4FDD-8374-D09CD96122C3}.NET40|Any CPU.ActiveCfg = Release|Any CPU
		{4A458678-BABE-4FDD-8374-D09CD96122C3}.NET40|Any CPU.Build.0 = Release|Any CPU
		{4A458678-BABE-4FDD-8374-D09CD96122C3}.NET40|x86.ActiveCfg = Release|Any CPU
		{4A458678-BABE-4FDD-8374-D09CD96122C3}.NET40|x86.Build.0 = Release|Any CPU
		{4A458678-BABE-4FDD-8374-D09CD96122C3}.NET45|Any CPU.ActiveCfg = Release|Any CPU
		{4A458678-BABE-4FDD-8374-D09CD96122C3}.NET45|Any CPU.Build.0 = Release|Any CPU
		{4A458678-BABE-4FDD-8374-D09CD96122C3}.NET45|x86.ActiveCfg = Release|Any CPU
		{4A458678-BABE-4FDD-8374-D09CD96122C3}.NET45|x86.Build.0 = Release|Any CPU
		{4A458678-BABE-4FDD-8374-D09CD96122C3}.NET46|Any CPU.ActiveCfg = Release|Any CPU
		{4A458678-BABE-4FDD-8374-D09CD96122C3}.NET46|Any CPU.Build.0 = Release|Any CPU
		{4A458678-BABE-4FDD-8374-D09CD96122C3}.NET46|x86.ActiveCfg = Release|Any CPU
		{4A458678-BABE-4FDD-8374-D09CD96122C3}.NET46|x86.Build.0 = Release|Any CPU
		{4A458678-BABE-4FDD-8374-D09CD96122C3}.Release|Any CPU.ActiveCfg = Release|Any CPU
		{4A458678-BABE-4FDD-8374-D09CD96122C3}.Release|Any CPU.Build.0 = Release|Any CPU
		{4A458678-BABE-4FDD-8374-D09CD96122C3}.Release|x86.ActiveCfg = Release|Any CPU
		{4A458678-BABE-4FDD-8374-D09CD96122C3}.Release|x86.Build.0 = Release|Any CPU
		{4A458678-BABE-4FDD-8374-D09CD96122C3}.wikipedia-redlist|Any CPU.ActiveCfg = Release|Any CPU
		{4A458678-BABE-4FDD-8374-D09CD96122C3}.wikipedia-redlist|Any CPU.Build.0 = Release|Any CPU
		{4A458678-BABE-4FDD-8374-D09CD96122C3}.wikipedia-redlist|x86.ActiveCfg = Release|Any CPU
		{4A458678-BABE-4FDD-8374-D09CD96122C3}.wikipedia-redlist|x86.Build.0 = Release|Any CPU
		{36BD9523-3795-47E3-90A1-98526FD2F744}.debug wikipedia-redlist|Any CPU.ActiveCfg = Debug|Any CPU
		{36BD9523-3795-47E3-90A1-98526FD2F744}.debug wikipedia-redlist|Any CPU.Build.0 = Debug|Any CPU
		{36BD9523-3795-47E3-90A1-98526FD2F744}.debug wikipedia-redlist|x86.ActiveCfg = Debug|Any CPU
		{36BD9523-3795-47E3-90A1-98526FD2F744}.debug wikipedia-redlist|x86.Build.0 = Debug|Any CPU
		{36BD9523-3795-47E3-90A1-98526FD2F744}.Debug|Any CPU.ActiveCfg = Debug|Any CPU
		{36BD9523-3795-47E3-90A1-98526FD2F744}.Debug|Any CPU.Build.0 = Debug|Any CPU
		{36BD9523-3795-47E3-90A1-98526FD2F744}.Debug|x86.ActiveCfg = Debug|Any CPU
		{36BD9523-3795-47E3-90A1-98526FD2F744}.Debug|x86.Build.0 = Debug|Any CPU
		{36BD9523-3795-47E3-90A1-98526FD2F744}.Mono|Any CPU.ActiveCfg = Release|Any CPU
		{36BD9523-3795-47E3-90A1-98526FD2F744}.Mono|Any CPU.Build.0 = Release|Any CPU
		{36BD9523-3795-47E3-90A1-98526FD2F744}.Mono|x86.ActiveCfg = Release|Any CPU
		{36BD9523-3795-47E3-90A1-98526FD2F744}.Mono|x86.Build.0 = Release|Any CPU
		{36BD9523-3795-47E3-90A1-98526FD2F744}.NET35|Any CPU.ActiveCfg = Release|Any CPU
		{36BD9523-3795-47E3-90A1-98526FD2F744}.NET35|Any CPU.Build.0 = Release|Any CPU
		{36BD9523-3795-47E3-90A1-98526FD2F744}.NET35|x86.ActiveCfg = Release|Any CPU
		{36BD9523-3795-47E3-90A1-98526FD2F744}.NET35|x86.Build.0 = Release|Any CPU
		{36BD9523-3795-47E3-90A1-98526FD2F744}.NET40|Any CPU.ActiveCfg = Release|Any CPU
		{36BD9523-3795-47E3-90A1-98526FD2F744}.NET40|Any CPU.Build.0 = Release|Any CPU
		{36BD9523-3795-47E3-90A1-98526FD2F744}.NET40|x86.ActiveCfg = Release|Any CPU
		{36BD9523-3795-47E3-90A1-98526FD2F744}.NET40|x86.Build.0 = Release|Any CPU
		{36BD9523-3795-47E3-90A1-98526FD2F744}.NET45|Any CPU.ActiveCfg = Release|Any CPU
		{36BD9523-3795-47E3-90A1-98526FD2F744}.NET45|Any CPU.Build.0 = Release|Any CPU
		{36BD9523-3795-47E3-90A1-98526FD2F744}.NET45|x86.ActiveCfg = Release|Any CPU
		{36BD9523-3795-47E3-90A1-98526FD2F744}.NET45|x86.Build.0 = Release|Any CPU
		{36BD9523-3795-47E3-90A1-98526FD2F744}.NET46|Any CPU.ActiveCfg = Release|Any CPU
		{36BD9523-3795-47E3-90A1-98526FD2F744}.NET46|Any CPU.Build.0 = Release|Any CPU
		{36BD9523-3795-47E3-90A1-98526FD2F744}.NET46|x86.ActiveCfg = Release|Any CPU
		{36BD9523-3795-47E3-90A1-98526FD2F744}.NET46|x86.Build.0 = Release|Any CPU
		{36BD9523-3795-47E3-90A1-98526FD2F744}.Release|Any CPU.ActiveCfg = Release|Any CPU
		{36BD9523-3795-47E3-90A1-98526FD2F744}.Release|Any CPU.Build.0 = Release|Any CPU
		{36BD9523-3795-47E3-90A1-98526FD2F744}.Release|x86.ActiveCfg = Release|Any CPU
		{36BD9523-3795-47E3-90A1-98526FD2F744}.Release|x86.Build.0 = Release|Any CPU
		{36BD9523-3795-47E3-90A1-98526FD2F744}.wikipedia-redlist|Any CPU.ActiveCfg = Release|Any CPU
		{36BD9523-3795-47E3-90A1-98526FD2F744}.wikipedia-redlist|Any CPU.Build.0 = Release|Any CPU
		{36BD9523-3795-47E3-90A1-98526FD2F744}.wikipedia-redlist|x86.ActiveCfg = Release|Any CPU
		{36BD9523-3795-47E3-90A1-98526FD2F744}.wikipedia-redlist|x86.Build.0 = Release|Any CPU
	EndGlobalSection
	GlobalSection(SolutionProperties) = preSolution
		HideSolutionNode = FALSE
	EndGlobalSection
	GlobalSection(MonoDevelopProperties) = preSolution
		Policies = $0
		$0.DotNetNamingPolicy = $1
		$1.DirectoryNamespaceAssociation = None
		$1.ResourceNamePolicy = FileFormatDefault
		$0.TextStylePolicy = $5
		$2.inheritsSet = null
		$2.scope = text/x-csharp
		$0.CSharpFormattingPolicy = $3
		$3.NamespaceBraceStyle = EndOfLine
		$3.InterfaceBraceStyle = EndOfLine
		$3.StructBraceStyle = EndOfLine
		$3.EnumBraceStyle = EndOfLine
		$3.MethodBraceStyle = EndOfLine
		$3.ConstructorBraceStyle = EndOfLine
		$3.DestructorBraceStyle = EndOfLine
		$3.BeforeMethodDeclarationParentheses = False
		$3.BeforeMethodCallParentheses = False
		$3.BeforeConstructorDeclarationParentheses = False
		$3.BeforeIndexerDeclarationBracket = False
		$3.BeforeDelegateDeclarationParentheses = False
		$3.AfterDelegateDeclarationParameterComma = True
		$3.NewParentheses = False
		$3.SpacesBeforeBrackets = False
		$3.inheritsSet = Mono
		$3.inheritsScope = text/x-csharp
		$3.scope = text/x-csharp
		$4.FileWidth = 120
		$4.TabsToSpaces = False
		$4.inheritsSet = VisualStudio
		$4.inheritsScope = text/plain
		$4.scope = text/plain
		$5.inheritsSet = null
		$5.scope = application/config+xml
		$0.XmlFormattingPolicy = $6
		$6.inheritsSet = null
		$6.scope = application/config+xml
		$0.NameConventionPolicy = $7
		$7.Rules = $8
		$8.NamingRule = $28
		$9.Name = Namespaces
		$9.AffectedEntity = Namespace
		$9.VisibilityMask = VisibilityMask
		$9.NamingStyle = PascalCase
		$9.IncludeInstanceMembers = True
		$9.IncludeStaticEntities = True
		$10.Name = Types
		$10.AffectedEntity = Class, Struct, Enum, Delegate
		$10.VisibilityMask = Public
		$10.NamingStyle = PascalCase
		$10.IncludeInstanceMembers = True
		$10.IncludeStaticEntities = True
		$11.Name = Interfaces
		$11.RequiredPrefixes = $12
		$12.String = I
		$11.AffectedEntity = Interface
		$11.VisibilityMask = Public
		$11.NamingStyle = PascalCase
		$11.IncludeInstanceMembers = True
		$11.IncludeStaticEntities = True
		$13.Name = Attributes
		$13.RequiredSuffixes = $14
		$14.String = Attribute
		$13.AffectedEntity = CustomAttributes
		$13.VisibilityMask = Public
		$13.NamingStyle = PascalCase
		$13.IncludeInstanceMembers = True
		$13.IncludeStaticEntities = True
		$15.Name = Event Arguments
		$15.RequiredSuffixes = $16
		$16.String = EventArgs
		$15.AffectedEntity = CustomEventArgs
		$15.VisibilityMask = Public
		$15.NamingStyle = PascalCase
		$15.IncludeInstanceMembers = True
		$15.IncludeStaticEntities = True
		$17.Name = Exceptions
		$17.RequiredSuffixes = $18
		$18.String = Exception
		$17.AffectedEntity = CustomExceptions
		$17.VisibilityMask = VisibilityMask
		$17.NamingStyle = PascalCase
		$17.IncludeInstanceMembers = True
		$17.IncludeStaticEntities = True
		$19.Name = Methods
		$19.AffectedEntity = Methods
		$19.VisibilityMask = Protected, Public
		$19.NamingStyle = PascalCase
		$19.IncludeInstanceMembers = True
		$19.IncludeStaticEntities = True
		$20.Name = Static Readonly Fields
		$20.AffectedEntity = ReadonlyField
		$20.VisibilityMask = Protected, Public
		$20.NamingStyle = PascalCase
		$20.IncludeInstanceMembers = False
		$20.IncludeStaticEntities = True
		$21.Name = Fields
		$21.AffectedEntity = Field
		$21.VisibilityMask = Protected, Public
		$21.NamingStyle = PascalCase
		$21.IncludeInstanceMembers = True
		$21.IncludeStaticEntities = True
		$22.Name = ReadOnly Fields
		$22.AffectedEntity = ReadonlyField
		$22.VisibilityMask = Protected, Public
		$22.NamingStyle = PascalCase
		$22.IncludeInstanceMembers = True
		$22.IncludeStaticEntities = False
		$23.Name = Constant Fields
		$23.AffectedEntity = ConstantField
		$23.VisibilityMask = Protected, Public
		$23.NamingStyle = PascalCase
		$23.IncludeInstanceMembers = True
		$23.IncludeStaticEntities = True
		$24.Name = Properties
		$24.AffectedEntity = Property
		$24.VisibilityMask = Protected, Public
		$24.NamingStyle = PascalCase
		$24.IncludeInstanceMembers = True
		$24.IncludeStaticEntities = True
		$25.Name = Events
		$25.AffectedEntity = Event
		$25.VisibilityMask = Protected, Public
		$25.NamingStyle = PascalCase
		$25.IncludeInstanceMembers = True
		$25.IncludeStaticEntities = True
		$26.Name = Enum Members
		$26.AffectedEntity = EnumMember
		$26.VisibilityMask = VisibilityMask
		$26.NamingStyle = PascalCase
		$26.IncludeInstanceMembers = True
		$26.IncludeStaticEntities = True
		$27.Name = Parameters
		$27.AffectedEntity = Parameter
		$27.VisibilityMask = VisibilityMask
		$27.NamingStyle = CamelCase
		$27.IncludeInstanceMembers = True
		$27.IncludeStaticEntities = True
		$28.Name = Type Parameters
		$28.RequiredPrefixes = $29
		$29.String = T
		$28.AffectedEntity = TypeParameter
		$28.VisibilityMask = VisibilityMask
		$28.NamingStyle = PascalCase
		$28.IncludeInstanceMembers = True
		$28.IncludeStaticEntities = True
	EndGlobalSection
EndGlobal
